// !$*UTF8*$!
{
	archiveVersion = 1;
	classes = {
	};
	objectVersion = 50;
	objects = {

/* Begin PBXBuildFile section */
		C05C3D4F2700BB9C0042B53F /* BookModel.swift in Sources */ = {isa = PBXBuildFile; fileRef = C05C3D4E2700BB9C0042B53F /* BookModel.swift */; };
		C05C3D532700C6170042B53F /* BookViewModel.swift in Sources */ = {isa = PBXBuildFile; fileRef = C05C3D522700C6170042B53F /* BookViewModel.swift */; };
		C05C3D552700C63C0042B53F /* ApiService.swift in Sources */ = {isa = PBXBuildFile; fileRef = C05C3D542700C63C0042B53F /* ApiService.swift */; };
		C05C3D582700DA0F0042B53F /* BookTableViewCell.swift in Sources */ = {isa = PBXBuildFile; fileRef = C05C3D572700DA0F0042B53F /* BookTableViewCell.swift */; };
		C0E37AB427003CF4000D768E /* AppDelegate.swift in Sources */ = {isa = PBXBuildFile; fileRef = C0E37AB327003CF4000D768E /* AppDelegate.swift */; };
		C0E37AB627003CF4000D768E /* SceneDelegate.swift in Sources */ = {isa = PBXBuildFile; fileRef = C0E37AB527003CF4000D768E /* SceneDelegate.swift */; };
		C0E37AB827003CF4000D768E /* BookViewController.swift in Sources */ = {isa = PBXBuildFile; fileRef = C0E37AB727003CF4000D768E /* BookViewController.swift */; };
		C0E37ABB27003CF4000D768E /* Main.storyboard in Resources */ = {isa = PBXBuildFile; fileRef = C0E37AB927003CF4000D768E /* Main.storyboard */; };
		C0E37ABD27003CF6000D768E /* Assets.xcassets in Resources */ = {isa = PBXBuildFile; fileRef = C0E37ABC27003CF6000D768E /* Assets.xcassets */; };
		C0E37AC027003CF6000D768E /* LaunchScreen.storyboard in Resources */ = {isa = PBXBuildFile; fileRef = C0E37ABE27003CF6000D768E /* LaunchScreen.storyboard */; };
/* End PBXBuildFile section */

/* Begin PBXFileReference section */
		C05C3D4E2700BB9C0042B53F /* BookModel.swift */ = {isa = PBXFileReference; lastKnownFileType = sourcecode.swift; path = BookModel.swift; sourceTree = "<group>"; };
		C05C3D522700C6170042B53F /* BookViewModel.swift */ = {isa = PBXFileReference; lastKnownFileType = sourcecode.swift; path = BookViewModel.swift; sourceTree = "<group>"; };
		C05C3D542700C63C0042B53F /* ApiService.swift */ = {isa = PBXFileReference; lastKnownFileType = sourcecode.swift; path = ApiService.swift; sourceTree = "<group>"; };
		C05C3D572700DA0F0042B53F /* BookTableViewCell.swift */ = {isa = PBXFileReference; lastKnownFileType = sourcecode.swift; path = BookTableViewCell.swift; sourceTree = "<group>"; };
		C0E37AB027003CF4000D768E /* BookList.app */ = {isa = PBXFileReference; explicitFileType = wrapper.application; includeInIndex = 0; path = BookList.app; sourceTree = BUILT_PRODUCTS_DIR; };
		C0E37AB327003CF4000D768E /* AppDelegate.swift */ = {isa = PBXFileReference; lastKnownFileType = sourcecode.swift; path = AppDelegate.swift; sourceTree = "<group>"; };
		C0E37AB527003CF4000D768E /* SceneDelegate.swift */ = {isa = PBXFileReference; lastKnownFileType = sourcecode.swift; path = SceneDelegate.swift; sourceTree = "<group>"; };
		C0E37AB727003CF4000D768E /* BookViewController.swift */ = {isa = PBXFileReference; lastKnownFileType = sourcecode.swift; path = BookViewController.swift; sourceTree = "<group>"; };
		C0E37ABA27003CF4000D768E /* Base */ = {isa = PBXFileReference; lastKnownFileType = file.storyboard; name = Base; path = Base.lproj/Main.storyboard; sourceTree = "<group>"; };
		C0E37ABC27003CF6000D768E /* Assets.xcassets */ = {isa = PBXFileReference; lastKnownFileType = folder.assetcatalog; path = Assets.xcassets; sourceTree = "<group>"; };
		C0E37ABF27003CF6000D768E /* Base */ = {isa = PBXFileReference; lastKnownFileType = file.storyboard; name = Base; path = Base.lproj/LaunchScreen.storyboard; sourceTree = "<group>"; };
		C0E37AC127003CF6000D768E /* Info.plist */ = {isa = PBXFileReference; lastKnownFileType = text.plist.xml; path = Info.plist; sourceTree = "<group>"; };
/* End PBXFileReference section */

/* Begin PBXFrameworksBuildPhase section */
		C0E37AAD27003CF4000D768E /* Frameworks */ = {
			isa = PBXFrameworksBuildPhase;
			buildActionMask = 2147483647;
			files = (
			);
			runOnlyForDeploymentPostprocessing = 0;
		};
/* End PBXFrameworksBuildPhase section */

/* Begin PBXGroup section */
		C05C3D502700C5480042B53F /* Model */ = {
			isa = PBXGroup;
			children = (
				C05C3D4E2700BB9C0042B53F /* BookModel.swift */,
			);
			path = Model;
			sourceTree = "<group>";
		};
		C05C3D512700C5FE0042B53F /* ViewModel */ = {
			isa = PBXGroup;
			children = (
				C05C3D522700C6170042B53F /* BookViewModel.swift */,
			);
			path = ViewModel;
			sourceTree = "<group>";
		};
		C05C3D562700C6780042B53F /* Service */ = {
			isa = PBXGroup;
			children = (
				C05C3D542700C63C0042B53F /* ApiService.swift */,
			);
			path = Service;
			sourceTree = "<group>";
		};
		C05C3D592700DA2E0042B53F /* Application */ = {
			isa = PBXGroup;
			children = (
				C0E37AB327003CF4000D768E /* AppDelegate.swift */,
				C0E37AB527003CF4000D768E /* SceneDelegate.swift */,
				C0E37ABC27003CF6000D768E /* Assets.xcassets */,
				C0E37ABE27003CF6000D768E /* LaunchScreen.storyboard */,
				C0E37AB927003CF4000D768E /* Main.storyboard */,
			);
			path = Application;
			sourceTree = "<group>";
		};
		C05C3D5A2700DACE0042B53F /* View */ = {
			isa = PBXGroup;
			children = (
				C0E37AB727003CF4000D768E /* BookViewController.swift */,
				C05C3D572700DA0F0042B53F /* BookTableViewCell.swift */,
			);
			path = View;
			sourceTree = "<group>";
		};
		C0E37AA727003CF4000D768E = {
			isa = PBXGroup;
			children = (
				C0E37AB227003CF4000D768E /* BookList */,
				C0E37AB127003CF4000D768E /* Products */,
			);
			sourceTree = "<group>";
		};
		C0E37AB127003CF4000D768E /* Products */ = {
			isa = PBXGroup;
			children = (
				C0E37AB027003CF4000D768E /* BookList.app */,
			);
			name = Products;
			sourceTree = "<group>";
		};
		C0E37AB227003CF4000D768E /* BookList */ = {
			isa = PBXGroup;
			children = (
				C05C3D592700DA2E0042B53F /* Application */,
				C05C3D562700C6780042B53F /* Service */,
				C05C3D502700C5480042B53F /* Model */,
				C05C3D512700C5FE0042B53F /* ViewModel */,
				C05C3D5A2700DACE0042B53F /* View */,
				C0E37AC127003CF6000D768E /* Info.plist */,
			);
			path = BookList;
			sourceTree = "<group>";
		};
/* End PBXGroup section */

/* Begin PBXNativeTarget section */
		C0E37AAF27003CF4000D768E /* BookList */ = {
			isa = PBXNativeTarget;
			buildConfigurationList = C0E37AC427003CF6000D768E /* Build configuration list for PBXNativeTarget "BookList" */;
			buildPhases = (
				C0E37AAC27003CF4000D768E /* Sources */,
				C0E37AAD27003CF4000D768E /* Frameworks */,
				C0E37AAE27003CF4000D768E /* Resources */,
			);
			buildRules = (
			);
			dependencies = (
			);
			name = BookList;
			productName = BookList;
			productReference = C0E37AB027003CF4000D768E /* BookList.app */;
			productType = "com.apple.product-type.application";
		};
/* End PBXNativeTarget section */

/* Begin PBXProject section */
		C0E37AA827003CF4000D768E /* Project object */ = {
			isa = PBXProject;
			attributes = {
				LastSwiftUpdateCheck = 1250;
				LastUpgradeCheck = 1250;
				TargetAttributes = {
					C0E37AAF27003CF4000D768E = {
						CreatedOnToolsVersion = 12.5.1;
					};
				};
			};
			buildConfigurationList = C0E37AAB27003CF4000D768E /* Build configuration list for PBXProject "BookList" */;
			compatibilityVersion = "Xcode 9.3";
			developmentRegion = en;
			hasScannedForEncodings = 0;
			knownRegions = (
				en,
				Base,
			);
			mainGroup = C0E37AA727003CF4000D768E;
			productRefGroup = C0E37AB127003CF4000D768E /* Products */;
			projectDirPath = "";
			projectRoot = "";
			targets = (
				C0E37AAF27003CF4000D768E /* BookList */,
			);
		};
/* End PBXProject section */

/* Begin PBXResourcesBuildPhase section */
		C0E37AAE27003CF4000D768E /* Resources */ = {
			isa = PBXResourcesBuildPhase;
			buildActionMask = 2147483647;
			files = (
				C0E37AC027003CF6000D768E /* LaunchScreen.storyboard in Resources */,
				C0E37ABD27003CF6000D768E /* Assets.xcassets in Resources */,
				C0E37ABB27003CF4000D768E /* Main.storyboard in Resources */,
			);
			runOnlyForDeploymentPostprocessing = 0;
		};
/* End PBXResourcesBuildPhase section */

/* Begin PBXSourcesBuildPhase section */
		C0E37AAC27003CF4000D768E /* Sources */ = {
			isa = PBXSourcesBuildPhase;
			buildActionMask = 2147483647;
			files = (
				C05C3D532700C6170042B53F /* BookViewModel.swift in Sources */,
				C05C3D4F2700BB9C0042B53F /* BookModel.swift in Sources */,
				C05C3D552700C63C0042B53F /* ApiService.swift in Sources */,
				C0E37AB827003CF4000D768E /* BookViewController.swift in Sources */,
				C0E37AB427003CF4000D768E /* AppDelegate.swift in Sources */,
				C05C3D582700DA0F0042B53F /* BookTableViewCell.swift in Sources */,
				C0E37AB627003CF4000D768E /* SceneDelegate.swift in Sources */,
			);
			runOnlyForDeploymentPostprocessing = 0;
		};
/* End PBXSourcesBuildPhase section */

/* Begin PBXVariantGroup section */
		C0E37AB927003CF4000D768E /* Main.storyboard */ = {
			isa = PBXVariantGroup;
			children = (
				C0E37ABA27003CF4000D768E /* Base */,
			);
			name = Main.storyboard;
			sourceTree = "<group>";
		};
		C0E37ABE27003CF6000D768E /* LaunchScreen.storyboard */ = {
			isa = PBXVariantGroup;
			children = (
				C0E37ABF27003CF6000D768E /* Base */,
			);
			name = LaunchScreen.storyboard;
			sourceTree = "<group>";
		};
/* End PBXVariantGroup section */

/* Begin XCBuildConfiguration section */
		C0E37AC227003CF6000D768E /* Debug */ = {
			isa = XCBuildConfiguration;
			buildSettings = {
				ALWAYS_SEARCH_USER_PATHS = NO;
				CLANG_ANALYZER_NONNULL = YES;
				CLANG_ANALYZER_NUMBER_OBJECT_CONVERSION = YES_AGGRESSIVE;
				CLANG_CXX_LANGUAGE_STANDARD = "gnu++14";
				CLANG_CXX_LIBRARY = "libc++";
				CLANG_ENABLE_MODULES = YES;
				CLANG_ENABLE_OBJC_ARC = YES;
				CLANG_ENABLE_OBJC_WEAK = YES;
				CLANG_WARN_BLOCK_CAPTURE_AUTORELEASING = YES;
				CLANG_WARN_BOOL_CONVERSION = YES;
				CLANG_WARN_COMMA = YES;
				CLANG_WARN_CONSTANT_CONVERSION = YES;
				CLANG_WARN_DEPRECATED_OBJC_IMPLEMENTATIONS = YES;
				CLANG_WARN_DIRECT_OBJC_ISA_USAGE = YES_ERROR;
				CLANG_WARN_DOCUMENTATION_COMMENTS = YES;
				CLANG_WARN_EMPTY_BODY = YES;
				CLANG_WARN_ENUM_CONVERSION = YES;
				CLANG_WARN_INFINITE_RECURSION = YES;
				CLANG_WARN_INT_CONVERSION = YES;
				CLANG_WARN_NON_LITERAL_NULL_CONVERSION = YES;
				CLANG_WARN_OBJC_IMPLICIT_RETAIN_SELF = YES;
				CLANG_WARN_OBJC_LITERAL_CONVERSION = YES;
				CLANG_WARN_OBJC_ROOT_CLASS = YES_ERROR;
				CLANG_WARN_QUOTED_INCLUDE_IN_FRAMEWORK_HEADER = YES;
				CLANG_WARN_RANGE_LOOP_ANALYSIS = YES;
				CLANG_WARN_STRICT_PROTOTYPES = YES;
				CLANG_WARN_SUSPICIOUS_MOVE = YES;
				CLANG_WARN_UNGUARDED_AVAILABILITY = YES_AGGRESSIVE;
				CLANG_WARN_UNREACHABLE_CODE = YES;
				CLANG_WARN__DUPLICATE_METHOD_MATCH = YES;
				COPY_PHASE_STRIP = NO;
				DEBUG_INFORMATION_FORMAT = dwarf;
				ENABLE_STRICT_OBJC_MSGSEND = YES;
				ENABLE_TESTABILITY = YES;
				GCC_C_LANGUAGE_STANDARD = gnu11;
				GCC_DYNAMIC_NO_PIC = NO;
				GCC_NO_COMMON_BLOCKS = YES;
				GCC_OPTIMIZATION_LEVEL = 0;
				GCC_PREPROCESSOR_DEFINITIONS = (
					"DEBUG=1",
					"$(inherited)",
				);
				GCC_WARN_64_TO_32_BIT_CONVERSION = YES;
				GCC_WARN_ABOUT_RETURN_TYPE = YES_ERROR;
				GCC_WARN_UNDECLARED_SELECTOR = YES;
				GCC_WARN_UNINITIALIZED_AUTOS = YES_AGGRESSIVE;
				GCC_WARN_UNUSED_FUNCTION = YES;
				GCC_WARN_UNUSED_VARIABLE = YES;
				IPHONEOS_DEPLOYMENT_TARGET = 14.5;
				MTL_ENABLE_DEBUG_INFO = INCLUDE_SOURCE;
				MTL_FAST_MATH = YES;
				ONLY_ACTIVE_ARCH = YES;
				SDKROOT = iphoneos;
				SWIFT_ACTIVE_COMPILATION_CONDITIONS = DEBUG;
				SWIFT_OPTIMIZATION_LEVEL = "-Onone";
			};
			name = Debug;
		};
		C0E37AC327003CF6000D768E /* Release */ = {
			isa = XCBuildConfiguration;
			buildSettings = {
				ALWAYS_SEARCH_USER_PATHS = NO;
				CLANG_ANALYZER_NONNULL = YES;
				CLANG_ANALYZER_NUMBER_OBJECT_CONVERSION = YES_AGGRESSIVE;
				CLANG_CXX_LANGUAGE_STANDARD = "gnu++14";
				CLANG_CXX_LIBRARY = "libc++";
				CLANG_ENABLE_MODULES = YES;
				CLANG_ENABLE_OBJC_ARC = YES;
				CLANG_ENABLE_OBJC_WEAK = YES;
				CLANG_WARN_BLOCK_CAPTURE_AUTORELEASING = YES;
				CLANG_WARN_BOOL_CONVERSION = YES;
				CLANG_WARN_COMMA = YES;
				CLANG_WARN_CONSTANT_CONVERSION = YES;
				CLANG_WARN_DEPRECATED_OBJC_IMPLEMENTATIONS = YES;
				CLANG_WARN_DIRECT_OBJC_ISA_USAGE = YES_ERROR;
				CLANG_WARN_DOCUMENTATION_COMMENTS = YES;
				CLANG_WARN_EMPTY_BODY = YES;
				CLANG_WARN_ENUM_CONVERSION = YES;
				CLANG_WARN_INFINITE_RECURSION = YES;
				CLANG_WARN_INT_CONVERSION = YES;
				CLANG_WARN_NON_LITERAL_NULL_CONVERSION = YES;
				CLANG_WARN_OBJC_IMPLICIT_RETAIN_SELF = YES;
				CLANG_WARN_OBJC_LITERAL_CONVERSION = YES;
				CLANG_WARN_OBJC_ROOT_CLASS = YES_ERROR;
				CLANG_WARN_QUOTED_INCLUDE_IN_FRAMEWORK_HEADER = YES;
				CLANG_WARN_RANGE_LOOP_ANALYSIS = YES;
				CLANG_WARN_STRICT_PROTOTYPES = YES;
				CLANG_WARN_SUSPICIOUS_MOVE = YES;
				CLANG_WARN_UNGUARDED_AVAILABILITY = YES_AGGRESSIVE;
				CLANG_WARN_UNREACHABLE_CODE = YES;
				CLANG_WARN__DUPLICATE_METHOD_MATCH = YES;
				COPY_PHASE_STRIP = NO;
				DEBUG_INFORMATION_FORMAT = "dwarf-with-dsym";
				ENABLE_NS_ASSERTIONS = NO;
				ENABLE_STRICT_OBJC_MSGSEND = YES;
				GCC_C_LANGUAGE_STANDARD = gnu11;
				GCC_NO_COMMON_BLOCKS = YES;
				GCC_WARN_64_TO_32_BIT_CONVERSION = YES;
				GCC_WARN_ABOUT_RETURN_TYPE = YES_ERROR;
				GCC_WARN_UNDECLARED_SELECTOR = YES;
				GCC_WARN_UNINITIALIZED_AUTOS = YES_AGGRESSIVE;
				GCC_WARN_UNUSED_FUNCTION = YES;
				GCC_WARN_UNUSED_VARIABLE = YES;
				IPHONEOS_DEPLOYMENT_TARGET = 14.5;
				MTL_ENABLE_DEBUG_INFO = NO;
				MTL_FAST_MATH = YES;
				SDKROOT = iphoneos;
				SWIFT_COMPILATION_MODE = wholemodule;
				SWIFT_OPTIMIZATION_LEVEL = "-O";
				VALIDATE_PRODUCT = YES;
			};
			name = Release;
		};
		C0E37AC527003CF6000D768E /* Debug */ = {
			isa = XCBuildConfiguration;
			buildSettings = {
				ASSETCATALOG_COMPILER_APPICON_NAME = AppIcon;
				ASSETCATALOG_COMPILER_GLOBAL_ACCENT_COLOR_NAME = AccentColor;
				CODE_SIGN_STYLE = Automatic;
				DEVELOPMENT_TEAM = BM4YFXN4AH;
				INFOPLIST_FILE = BookList/Info.plist;
				LD_RUNPATH_SEARCH_PATHS = (
					"$(inherited)",
					"@executable_path/Frameworks",
				);
				PRODUCT_BUNDLE_IDENTIFIER = "gabriel-nicol.BookList";
				PRODUCT_NAME = "$(TARGET_NAME)";
				SWIFT_VERSION = 5.0;
				TARGETED_DEVICE_FAMILY = "1,2";
			};
			name = Debug;
		};
		C0E37AC627003CF6000D768E /* Release */ = {
			isa = XCBuildConfiguration;
			buildSettings = {
				ASSETCATALOG_COMPILER_APPICON_NAME = AppIcon;
				ASSETCATALOG_COMPILER_GLOBAL_ACCENT_COLOR_NAME = AccentColor;
				CODE_SIGN_STYLE = Automatic;
				DEVELOPMENT_TEAM = BM4YFXN4AH;
				INFOPLIST_FILE = BookList/Info.plist;
				LD_RUNPATH_SEARCH_PATHS = (
					"$(inherited)",
					"@executable_path/Frameworks",
				);
				PRODUCT_BUNDLE_IDENTIFIER = "gabriel-nicol.BookList";
				PRODUCT_NAME = "$(TARGET_NAME)";
				SWIFT_VERSION = 5.0;
				TARGETED_DEVICE_FAMILY = "1,2";
			};
			name = Release;
		};
/* End XCBuildConfiguration section */

/* Begin XCConfigurationList section */
		C0E37AAB27003CF4000D768E /* Build configuration list for PBXProject "BookList" */ = {
			isa = XCConfigurationList;
			buildConfigurations = (
				C0E37AC227003CF6000D768E /* Debug */,
				C0E37AC327003CF6000D768E /* Release */,
			);
			defaultConfigurationIsVisible = 0;
			defaultConfigurationName = Release;
		};
		C0E37AC427003CF6000D768E /* Build configuration list for PBXNativeTarget "BookList" */ = {
			isa = XCConfigurationList;
			buildConfigurations = (
				C0E37AC527003CF6000D768E /* Debug */,
				C0E37AC627003CF6000D768E /* Release */,
			);
			defaultConfigurationIsVisible = 0;
			defaultConfigurationName = Release;
		};
/* End XCConfigurationList section */
	};
	rootObject = C0E37AA827003CF4000D768E /* Project object */;
}
